// !$*UTF8*$!
{
	archiveVersion = 1;
	classes = {
	};
	objectVersion = 48;
	objects = {

/* Begin PBXBuildFile section */
		A52DF309AC5E9B11DF2BBA96 /* Pods_tuduy.framework in Frameworks */ = {isa = PBXBuildFile; fileRef = 0101C738D6158DB8E944AFEE /* Pods_tuduy.framework */; };
		E1390DFE2013134800FA20DE /* AppDelegate.swift in Sources */ = {isa = PBXBuildFile; fileRef = E1390DFD2013134800FA20DE /* AppDelegate.swift */; };
		E1390E002013134800FA20DE /* TodListViewController.swift in Sources */ = {isa = PBXBuildFile; fileRef = E1390DFF2013134800FA20DE /* TodListViewController.swift */; };
		E1390E032013134800FA20DE /* Main.storyboard in Resources */ = {isa = PBXBuildFile; fileRef = E1390E012013134800FA20DE /* Main.storyboard */; };
		E1390E052013134800FA20DE /* Assets.xcassets in Resources */ = {isa = PBXBuildFile; fileRef = E1390E042013134800FA20DE /* Assets.xcassets */; };
		E1390E082013134800FA20DE /* LaunchScreen.storyboard in Resources */ = {isa = PBXBuildFile; fileRef = E1390E062013134800FA20DE /* LaunchScreen.storyboard */; };
		E1390E5C2020745900FA20DE /* DataModel.xcdatamodeld in Sources */ = {isa = PBXBuildFile; fileRef = E1390E5A2020745900FA20DE /* DataModel.xcdatamodeld */; };
		E1390E612021BB7700FA20DE /* CategoryViewController.swift in Sources */ = {isa = PBXBuildFile; fileRef = E1390E602021BB7700FA20DE /* CategoryViewController.swift */; };
/* End PBXBuildFile section */

/* Begin PBXFileReference section */
		0101C738D6158DB8E944AFEE /* Pods_tuduy.framework */ = {isa = PBXFileReference; explicitFileType = wrapper.framework; includeInIndex = 0; path = Pods_tuduy.framework; sourceTree = BUILT_PRODUCTS_DIR; };
		0A270E1563E6FF88FA1F68E8 /* Pods-tuduy.release.xcconfig */ = {isa = PBXFileReference; includeInIndex = 1; lastKnownFileType = text.xcconfig; name = "Pods-tuduy.release.xcconfig"; path = "Pods/Target Support Files/Pods-tuduy/Pods-tuduy.release.xcconfig"; sourceTree = "<group>"; };
		8CA0B2D0F34CA7FA4B9CC26A /* Pods-tuduy.debug.xcconfig */ = {isa = PBXFileReference; includeInIndex = 1; lastKnownFileType = text.xcconfig; name = "Pods-tuduy.debug.xcconfig"; path = "Pods/Target Support Files/Pods-tuduy/Pods-tuduy.debug.xcconfig"; sourceTree = "<group>"; };
		E1390DFA2013134800FA20DE /* tuduy.app */ = {isa = PBXFileReference; explicitFileType = wrapper.application; includeInIndex = 0; path = tuduy.app; sourceTree = BUILT_PRODUCTS_DIR; };
		E1390DFD2013134800FA20DE /* AppDelegate.swift */ = {isa = PBXFileReference; lastKnownFileType = sourcecode.swift; path = AppDelegate.swift; sourceTree = "<group>"; };
		E1390DFF2013134800FA20DE /* TodListViewController.swift */ = {isa = PBXFileReference; lastKnownFileType = sourcecode.swift; path = TodListViewController.swift; sourceTree = "<group>"; };
		E1390E022013134800FA20DE /* Base */ = {isa = PBXFileReference; lastKnownFileType = file.storyboard; name = Base; path = Base.lproj/Main.storyboard; sourceTree = "<group>"; };
		E1390E042013134800FA20DE /* Assets.xcassets */ = {isa = PBXFileReference; lastKnownFileType = folder.assetcatalog; path = Assets.xcassets; sourceTree = "<group>"; };
		E1390E072013134800FA20DE /* Base */ = {isa = PBXFileReference; lastKnownFileType = file.storyboard; name = Base; path = Base.lproj/LaunchScreen.storyboard; sourceTree = "<group>"; };
		E1390E092013134800FA20DE /* Info.plist */ = {isa = PBXFileReference; lastKnownFileType = text.plist.xml; path = Info.plist; sourceTree = "<group>"; };
		E1390E5B2020745900FA20DE /* DataModel.xcdatamodel */ = {isa = PBXFileReference; lastKnownFileType = wrapper.xcdatamodel; path = DataModel.xcdatamodel; sourceTree = "<group>"; };
		E1390E602021BB7700FA20DE /* CategoryViewController.swift */ = {isa = PBXFileReference; lastKnownFileType = sourcecode.swift; path = CategoryViewController.swift; sourceTree = "<group>"; };
/* End PBXFileReference section */

/* Begin PBXFrameworksBuildPhase section */
		E1390DF72013134800FA20DE /* Frameworks */ = {
			isa = PBXFrameworksBuildPhase;
			buildActionMask = 2147483647;
			files = (
				A52DF309AC5E9B11DF2BBA96 /* Pods_tuduy.framework in Frameworks */,
			);
			runOnlyForDeploymentPostprocessing = 0;
		};
/* End PBXFrameworksBuildPhase section */

/* Begin PBXGroup section */
		D3CA237DAB8B6CF001330373 /* Pods */ = {
			isa = PBXGroup;
			children = (
				8CA0B2D0F34CA7FA4B9CC26A /* Pods-tuduy.debug.xcconfig */,
				0A270E1563E6FF88FA1F68E8 /* Pods-tuduy.release.xcconfig */,
			);
			name = Pods;
			sourceTree = "<group>";
		};
		E1390DF12013134800FA20DE = {
			isa = PBXGroup;
			children = (
				E1390DFC2013134800FA20DE /* tuduy */,
				E1390DFB2013134800FA20DE /* Products */,
				D3CA237DAB8B6CF001330373 /* Pods */,
				F165E1B513FAAC713F37FE32 /* Frameworks */,
			);
			sourceTree = "<group>";
		};
		E1390DFB2013134800FA20DE /* Products */ = {
			isa = PBXGroup;
			children = (
				E1390DFA2013134800FA20DE /* tuduy.app */,
			);
			name = Products;
			sourceTree = "<group>";
		};
		E1390DFC2013134800FA20DE /* tuduy */ = {
			isa = PBXGroup;
			children = (
				E1390DFD2013134800FA20DE /* AppDelegate.swift */,
				E1390E3020187A9500FA20DE /* Controllers */,
				E1390E2F20187A7300FA20DE /* Data Model */,
				E1390E3120187AA900FA20DE /* Views */,
				E1390E3220187AC200FA20DE /* Supporting Files */,
				E1390E092013134800FA20DE /* Info.plist */,
			);
			path = tuduy;
			sourceTree = "<group>";
		};
		E1390E2F20187A7300FA20DE /* Data Model */ = {
			isa = PBXGroup;
			children = (
				E1390E5A2020745900FA20DE /* DataModel.xcdatamodeld */,
			);
			path = "Data Model";
			sourceTree = "<group>";
		};
		E1390E3020187A9500FA20DE /* Controllers */ = {
			isa = PBXGroup;
			children = (
				E1390E602021BB7700FA20DE /* CategoryViewController.swift */,
				E1390DFF2013134800FA20DE /* TodListViewController.swift */,
			);
			path = Controllers;
			sourceTree = "<group>";
		};
		E1390E3120187AA900FA20DE /* Views */ = {
			isa = PBXGroup;
			children = (
				E1390E012013134800FA20DE /* Main.storyboard */,
			);
			path = Views;
			sourceTree = "<group>";
		};
		E1390E3220187AC200FA20DE /* Supporting Files */ = {
			isa = PBXGroup;
			children = (
				E1390E042013134800FA20DE /* Assets.xcassets */,
				E1390E062013134800FA20DE /* LaunchScreen.storyboard */,
			);
			path = "Supporting Files";
			sourceTree = "<group>";
		};
		F165E1B513FAAC713F37FE32 /* Frameworks */ = {
			isa = PBXGroup;
			children = (
				0101C738D6158DB8E944AFEE /* Pods_tuduy.framework */,
			);
			name = Frameworks;
			sourceTree = "<group>";
		};
/* End PBXGroup section */

/* Begin PBXNativeTarget section */
		E1390DF92013134800FA20DE /* tuduy */ = {
			isa = PBXNativeTarget;
			buildConfigurationList = E1390E0C2013134800FA20DE /* Build configuration list for PBXNativeTarget "tuduy" */;
			buildPhases = (
				166D685765C788E03CDD51EE /* [CP] Check Pods Manifest.lock */,
				E1390DF62013134800FA20DE /* Sources */,
				E1390DF72013134800FA20DE /* Frameworks */,
				E1390DF82013134800FA20DE /* Resources */,
				5CC68360EA15D935BCA45733 /* [CP] Embed Pods Frameworks */,
				1F24128CE87FBD7B5EBFB69A /* [CP] Copy Pods Resources */,
			);
			buildRules = (
			);
			dependencies = (
			);
			name = tuduy;
			productName = tuduy;
			productReference = E1390DFA2013134800FA20DE /* tuduy.app */;
			productType = "com.apple.product-type.application";
		};
/* End PBXNativeTarget section */

/* Begin PBXProject section */
		E1390DF22013134800FA20DE /* Project object */ = {
			isa = PBXProject;
			attributes = {
				LastSwiftUpdateCheck = 0920;
				LastUpgradeCheck = 0920;
				ORGANIZATIONNAME = alvin;
				TargetAttributes = {
					E1390DF92013134800FA20DE = {
						CreatedOnToolsVersion = 9.2;
						ProvisioningStyle = Automatic;
					};
				};
			};
			buildConfigurationList = E1390DF52013134800FA20DE /* Build configuration list for PBXProject "tuduy" */;
			compatibilityVersion = "Xcode 8.0";
			developmentRegion = en;
			hasScannedForEncodings = 0;
			knownRegions = (
				en,
				Base,
			);
			mainGroup = E1390DF12013134800FA20DE;
			productRefGroup = E1390DFB2013134800FA20DE /* Products */;
			projectDirPath = "";
			projectRoot = "";
			targets = (
				E1390DF92013134800FA20DE /* tuduy */,
			);
		};
/* End PBXProject section */

/* Begin PBXResourcesBuildPhase section */
		E1390DF82013134800FA20DE /* Resources */ = {
			isa = PBXResourcesBuildPhase;
			buildActionMask = 2147483647;
			files = (
				E1390E082013134800FA20DE /* LaunchScreen.storyboard in Resources */,
				E1390E052013134800FA20DE /* Assets.xcassets in Resources */,
				E1390E032013134800FA20DE /* Main.storyboard in Resources */,
			);
			runOnlyForDeploymentPostprocessing = 0;
		};
/* End PBXResourcesBuildPhase section */

/* Begin PBXShellScriptBuildPhase section */
		166D685765C788E03CDD51EE /* [CP] Check Pods Manifest.lock */ = {
			isa = PBXShellScriptBuildPhase;
			buildActionMask = 2147483647;
			files = (
			);
			inputPaths = (
				"${PODS_PODFILE_DIR_PATH}/Podfile.lock",
				"${PODS_ROOT}/Manifest.lock",
			);
			name = "[CP] Check Pods Manifest.lock";
			outputPaths = (
				"$(DERIVED_FILE_DIR)/Pods-tuduy-checkManifestLockResult.txt",
			);
			runOnlyForDeploymentPostprocessing = 0;
			shellPath = /bin/sh;
			shellScript = "diff \"${PODS_PODFILE_DIR_PATH}/Podfile.lock\" \"${PODS_ROOT}/Manifest.lock\" > /dev/null\nif [ $? != 0 ] ; then\n    # print error to STDERR\n    echo \"error: The sandbox is not in sync with the Podfile.lock. Run 'pod install' or update your CocoaPods installation.\" >&2\n    exit 1\nfi\n# This output is used by Xcode 'outputs' to avoid re-running this script phase.\necho \"SUCCESS\" > \"${SCRIPT_OUTPUT_FILE_0}\"\n";
			showEnvVarsInLog = 0;
		};
		1F24128CE87FBD7B5EBFB69A /* [CP] Copy Pods Resources */ = {
			isa = PBXShellScriptBuildPhase;
			buildActionMask = 2147483647;
			files = (
			);
			inputPaths = (
			);
			name = "[CP] Copy Pods Resources";
			outputPaths = (
			);
			runOnlyForDeploymentPostprocessing = 0;
			shellPath = /bin/sh;
			shellScript = "\"${SRCROOT}/Pods/Target Support Files/Pods-tuduy/Pods-tuduy-resources.sh\"\n";
			showEnvVarsInLog = 0;
		};
		5CC68360EA15D935BCA45733 /* [CP] Embed Pods Frameworks */ = {
			isa = PBXShellScriptBuildPhase;
			buildActionMask = 2147483647;
			files = (
			);
			inputPaths = (
				"${SRCROOT}/Pods/Target Support Files/Pods-tuduy/Pods-tuduy-frameworks.sh",
				"${BUILT_PRODUCTS_DIR}/Realm/Realm.framework",
				"${BUILT_PRODUCTS_DIR}/RealmSwift/RealmSwift.framework",
			);
			name = "[CP] Embed Pods Frameworks";
			outputPaths = (
				"${TARGET_BUILD_DIR}/${FRAMEWORKS_FOLDER_PATH}/Realm.framework",
				"${TARGET_BUILD_DIR}/${FRAMEWORKS_FOLDER_PATH}/RealmSwift.framework",
			);
			runOnlyForDeploymentPostprocessing = 0;
			shellPath = /bin/sh;
			shellScript = "\"${SRCROOT}/Pods/Target Support Files/Pods-tuduy/Pods-tuduy-frameworks.sh\"\n";
			showEnvVarsInLog = 0;
		};
/* End PBXShellScriptBuildPhase section */

/* Begin PBXSourcesBuildPhase section */
		E1390DF62013134800FA20DE /* Sources */ = {
			isa = PBXSourcesBuildPhase;
			buildActionMask = 2147483647;
			files = (
				E1390E612021BB7700FA20DE /* CategoryViewController.swift in Sources */,
				E1390E002013134800FA20DE /* TodListViewController.swift in Sources */,
				E1390E5C2020745900FA20DE /* DataModel.xcdatamodeld in Sources */,
				E1390DFE2013134800FA20DE /* AppDelegate.swift in Sources */,
			);
			runOnlyForDeploymentPostprocessing = 0;
		};
/* End PBXSourcesBuildPhase section */

/* Begin PBXVariantGroup section */
		E1390E012013134800FA20DE /* Main.storyboard */ = {
			isa = PBXVariantGroup;
			children = (
				E1390E022013134800FA20DE /* Base */,
			);
			name = Main.storyboard;
			sourceTree = "<group>";
		};
		E1390E062013134800FA20DE /* LaunchScreen.storyboard */ = {
			isa = PBXVariantGroup;
			children = (
				E1390E072013134800FA20DE /* Base */,
			);
			name = LaunchScreen.storyboard;
			sourceTree = "<group>";
		};
/* End PBXVariantGroup section */

/* Begin XCBuildConfiguration section */
		E1390E0A2013134800FA20DE /* Debug */ = {
			isa = XCBuildConfiguration;
			buildSettings = {
				ALWAYS_SEARCH_USER_PATHS = NO;
				CLANG_ANALYZER_NONNULL = YES;
				CLANG_ANALYZER_NUMBER_OBJECT_CONVERSION = YES_AGGRESSIVE;
				CLANG_CXX_LANGUAGE_STANDARD = "gnu++14";
				CLANG_CXX_LIBRARY = "libc++";
				CLANG_ENABLE_MODULES = YES;
				CLANG_ENABLE_OBJC_ARC = YES;
				CLANG_WARN_BLOCK_CAPTURE_AUTORELEASING = YES;
				CLANG_WARN_BOOL_CONVERSION = YES;
				CLANG_WARN_COMMA = YES;
				CLANG_WARN_CONSTANT_CONVERSION = YES;
				CLANG_WARN_DIRECT_OBJC_ISA_USAGE = YES_ERROR;
				CLANG_WARN_DOCUMENTATION_COMMENTS = YES;
				CLANG_WARN_EMPTY_BODY = YES;
				CLANG_WARN_ENUM_CONVERSION = YES;
				CLANG_WARN_INFINITE_RECURSION = YES;
				CLANG_WARN_INT_CONVERSION = YES;
				CLANG_WARN_NON_LITERAL_NULL_CONVERSION = YES;
				CLANG_WARN_OBJC_LITERAL_CONVERSION = YES;
				CLANG_WARN_OBJC_ROOT_CLASS = YES_ERROR;
				CLANG_WARN_RANGE_LOOP_ANALYSIS = YES;
				CLANG_WARN_STRICT_PROTOTYPES = YES;
				CLANG_WARN_SUSPICIOUS_MOVE = YES;
				CLANG_WARN_UNGUARDED_AVAILABILITY = YES_AGGRESSIVE;
				CLANG_WARN_UNREACHABLE_CODE = YES;
				CLANG_WARN__DUPLICATE_METHOD_MATCH = YES;
				CODE_SIGN_IDENTITY = "iPhone Developer";
				COPY_PHASE_STRIP = NO;
				DEBUG_INFORMATION_FORMAT = dwarf;
				ENABLE_STRICT_OBJC_MSGSEND = YES;
				ENABLE_TESTABILITY = YES;
				GCC_C_LANGUAGE_STANDARD = gnu11;
				GCC_DYNAMIC_NO_PIC = NO;
				GCC_NO_COMMON_BLOCKS = YES;
				GCC_OPTIMIZATION_LEVEL = 0;
				GCC_PREPROCESSOR_DEFINITIONS = (
					"DEBUG=1",
					"$(inherited)",
				);
				GCC_WARN_64_TO_32_BIT_CONVERSION = YES;
				GCC_WARN_ABOUT_RETURN_TYPE = YES_ERROR;
				GCC_WARN_UNDECLARED_SELECTOR = YES;
				GCC_WARN_UNINITIALIZED_AUTOS = YES_AGGRESSIVE;
				GCC_WARN_UNUSED_FUNCTION = YES;
				GCC_WARN_UNUSED_VARIABLE = YES;
				IPHONEOS_DEPLOYMENT_TARGET = 11.2;
				MTL_ENABLE_DEBUG_INFO = YES;
				ONLY_ACTIVE_ARCH = YES;
				SDKROOT = iphoneos;
				SWIFT_ACTIVE_COMPILATION_CONDITIONS = DEBUG;
				SWIFT_OPTIMIZATION_LEVEL = "-Onone";
			};
			name = Debug;
		};
		E1390E0B2013134800FA20DE /* Release */ = {
			isa = XCBuildConfiguration;
			buildSettings = {
				ALWAYS_SEARCH_USER_PATHS = NO;
				CLANG_ANALYZER_NONNULL = YES;
				CLANG_ANALYZER_NUMBER_OBJECT_CONVERSION = YES_AGGRESSIVE;
				CLANG_CXX_LANGUAGE_STANDARD = "gnu++14";
				CLANG_CXX_LIBRARY = "libc++";
				CLANG_ENABLE_MODULES = YES;
				CLANG_ENABLE_OBJC_ARC = YES;
				CLANG_WARN_BLOCK_CAPTURE_AUTORELEASING = YES;
				CLANG_WARN_BOOL_CONVERSION = YES;
				CLANG_WARN_COMMA = YES;
				CLANG_WARN_CONSTANT_CONVERSION = YES;
				CLANG_WARN_DIRECT_OBJC_ISA_USAGE = YES_ERROR;
				CLANG_WARN_DOCUMENTATION_COMMENTS = YES;
				CLANG_WARN_EMPTY_BODY = YES;
				CLANG_WARN_ENUM_CONVERSION = YES;
				CLANG_WARN_INFINITE_RECURSION = YES;
				CLANG_WARN_INT_CONVERSION = YES;
				CLANG_WARN_NON_LITERAL_NULL_CONVERSION = YES;
				CLANG_WARN_OBJC_LITERAL_CONVERSION = YES;
				CLANG_WARN_OBJC_ROOT_CLASS = YES_ERROR;
				CLANG_WARN_RANGE_LOOP_ANALYSIS = YES;
				CLANG_WARN_STRICT_PROTOTYPES = YES;
				CLANG_WARN_SUSPICIOUS_MOVE = YES;
				CLANG_WARN_UNGUARDED_AVAILABILITY = YES_AGGRESSIVE;
				CLANG_WARN_UNREACHABLE_CODE = YES;
				CLANG_WARN__DUPLICATE_METHOD_MATCH = YES;
				CODE_SIGN_IDENTITY = "iPhone Developer";
				COPY_PHASE_STRIP = NO;
				DEBUG_INFORMATION_FORMAT = "dwarf-with-dsym";
				ENABLE_NS_ASSERTIONS = NO;
				ENABLE_STRICT_OBJC_MSGSEND = YES;
				GCC_C_LANGUAGE_STANDARD = gnu11;
				GCC_NO_COMMON_BLOCKS = YES;
				GCC_WARN_64_TO_32_BIT_CONVERSION = YES;
				GCC_WARN_ABOUT_RETURN_TYPE = YES_ERROR;
				GCC_WARN_UNDECLARED_SELECTOR = YES;
				GCC_WARN_UNINITIALIZED_AUTOS = YES_AGGRESSIVE;
				GCC_WARN_UNUSED_FUNCTION = YES;
				GCC_WARN_UNUSED_VARIABLE = YES;
				IPHONEOS_DEPLOYMENT_TARGET = 11.2;
				MTL_ENABLE_DEBUG_INFO = NO;
				SDKROOT = iphoneos;
				SWIFT_OPTIMIZATION_LEVEL = "-Owholemodule";
				VALIDATE_PRODUCT = YES;
			};
			name = Release;
		};
		E1390E0D2013134800FA20DE /* Debug */ = {
			isa = XCBuildConfiguration;
			baseConfigurationReference = 8CA0B2D0F34CA7FA4B9CC26A /* Pods-tuduy.debug.xcconfig */;
			buildSettings = {
				ASSETCATALOG_COMPILER_APPICON_NAME = AppIcon;
				CODE_SIGN_STYLE = Automatic;
				DEVELOPMENT_TEAM = BLLMJ44JDE;
				INFOPLIST_FILE = tuduy/Info.plist;
				LD_RUNPATH_SEARCH_PATHS = "$(inherited) @executable_path/Frameworks";
				PRODUCT_BUNDLE_IDENTIFIER = com.alvin.tuduy;
				PRODUCT_NAME = "$(TARGET_NAME)";
				SWIFT_VERSION = 4.0;
				TARGETED_DEVICE_FAMILY = "1,2";
			};
			name = Debug;
		};
		E1390E0E2013134800FA20DE /* Release */ = {
			isa = XCBuildConfiguration;
			baseConfigurationReference = 0A270E1563E6FF88FA1F68E8 /* Pods-tuduy.release.xcconfig */;
			buildSettings = {
				ASSETCATALOG_COMPILER_APPICON_NAME = AppIcon;
				CODE_SIGN_STYLE = Automatic;
				DEVELOPMENT_TEAM = BLLMJ44JDE;
				INFOPLIST_FILE = tuduy/Info.plist;
				LD_RUNPATH_SEARCH_PATHS = "$(inherited) @executable_path/Frameworks";
				PRODUCT_BUNDLE_IDENTIFIER = com.alvin.tuduy;
				PRODUCT_NAME = "$(TARGET_NAME)";
				SWIFT_VERSION = 4.0;
				TARGETED_DEVICE_FAMILY = "1,2";
			};
			name = Release;
		};
/* End XCBuildConfiguration section */

/* Begin XCConfigurationList section */
		E1390DF52013134800FA20DE /* Build configuration list for PBXProject "tuduy" */ = {
			isa = XCConfigurationList;
			buildConfigurations = (
				E1390E0A2013134800FA20DE /* Debug */,
				E1390E0B2013134800FA20DE /* Release */,
			);
			defaultConfigurationIsVisible = 0;
			defaultConfigurationName = Release;
		};
		E1390E0C2013134800FA20DE /* Build configuration list for PBXNativeTarget "tuduy" */ = {
			isa = XCConfigurationList;
			buildConfigurations = (
				E1390E0D2013134800FA20DE /* Debug */,
				E1390E0E2013134800FA20DE /* Release */,
			);
			defaultConfigurationIsVisible = 0;
			defaultConfigurationName = Release;
		};
/* End XCConfigurationList section */

/* Begin XCVersionGroup section */
		E1390E5A2020745900FA20DE /* DataModel.xcdatamodeld */ = {
			isa = XCVersionGroup;
			children = (
				E1390E5B2020745900FA20DE /* DataModel.xcdatamodel */,
			);
			currentVersion = E1390E5B2020745900FA20DE /* DataModel.xcdatamodel */;
			path = DataModel.xcdatamodeld;
			sourceTree = "<group>";
			versionGroupType = wrapper.xcdatamodel;
		};
/* End XCVersionGroup section */
	};
	rootObject = E1390DF22013134800FA20DE /* Project object */;
}
